
Microsoft Visual Studio Solution File, Format Version 12.00
# Visual Studio Version 17
VisualStudioVersion = 17.0.32112.339
MinimumVisualStudioVersion = 10.0.40219.1
Project("{9A19103F-16F7-4668-BE54-9A1E7A4F7556}") = "Team_KisaanPro", "Team_KisaanPro.csproj", "{6A9464FA-64DE-4FAD-BD6E-35BDFA38D658}"
EndProject
Global
	GlobalSection(SolutionConfigurationPlatforms) = preSolution
		Debug|Any CPU = Debug|Any CPU
		Release|Any CPU = Release|Any CPU
	EndGlobalSection
	GlobalSection(ProjectConfigurationPlatforms) = postSolution
		{6A9464FA-64DE-4FAD-BD6E-35BDFA38D658}.Debug|Any CPU.ActiveCfg = Debug|Any CPU
		{6A9464FA-64DE-4FAD-BD6E-35BDFA38D658}.Debug|Any CPU.Build.0 = Debug|Any CPU
		{6A9464FA-64DE-4FAD-BD6E-35BDFA38D658}.Release|Any CPU.ActiveCfg = Release|Any CPU
		{6A9464FA-64DE-4FAD-BD6E-35BDFA38D658}.Release|Any CPU.Build.0 = Release|Any CPU
	EndGlobalSection
	GlobalSection(SolutionProperties) = preSolution
		HideSolutionNode = FALSE
	EndGlobalSection
	GlobalSection(ExtensibilityGlobals) = postSolution
		SolutionGuid = {0A162A03-EBD6-4B77-AB96-C24DC47D1A7D}
	EndGlobalSection
EndGlobal
